// !$*UTF8*$!
{
	archiveVersion = 1;
	classes = {
	};
	objectVersion = 46;
	objects = {

/* Begin PBXBuildFile section */
		213604D31DE0EA6600ACF841 /* UIKit Extensions.swift in Sources */ = {isa = PBXBuildFile; fileRef = 213604D21DE0EA6600ACF841 /* UIKit Extensions.swift */; };
		213604DB1DE205B100ACF841 /* BallBehavior.swift in Sources */ = {isa = PBXBuildFile; fileRef = 213604DA1DE205B100ACF841 /* BallBehavior.swift */; };
		213604DF1DE2203000ACF841 /* Settings.swift in Sources */ = {isa = PBXBuildFile; fileRef = 213604DE1DE2203000ACF841 /* Settings.swift */; };
		213604E41DE4E39A00ACF841 /* NamedBezierPathsView.swift in Sources */ = {isa = PBXBuildFile; fileRef = 213604E31DE4E39A00ACF841 /* NamedBezierPathsView.swift */; };
		21E046C71E3C31150002AF53 /* README.md in Sources */ = {isa = PBXBuildFile; fileRef = 21E046C61E3C31140002AF53 /* README.md */; };
		21E5808A1DE0A2FB007DC07B /* AppDelegate.swift in Sources */ = {isa = PBXBuildFile; fileRef = 21E580891DE0A2FB007DC07B /* AppDelegate.swift */; };
		21E5808F1DE0A2FB007DC07B /* Main.storyboard in Resources */ = {isa = PBXBuildFile; fileRef = 21E5808D1DE0A2FB007DC07B /* Main.storyboard */; };
		21E580911DE0A2FB007DC07B /* Assets.xcassets in Resources */ = {isa = PBXBuildFile; fileRef = 21E580901DE0A2FB007DC07B /* Assets.xcassets */; };
		21E580941DE0A2FB007DC07B /* LaunchScreen.storyboard in Resources */ = {isa = PBXBuildFile; fileRef = 21E580921DE0A2FB007DC07B /* LaunchScreen.storyboard */; };
		21E5809D1DE0A38B007DC07B /* BreakoutViewController.swift in Sources */ = {isa = PBXBuildFile; fileRef = 21E5809C1DE0A38B007DC07B /* BreakoutViewController.swift */; };
		21E5809F1DE0A3BB007DC07B /* BreakoutView.swift in Sources */ = {isa = PBXBuildFile; fileRef = 21E5809E1DE0A3BB007DC07B /* BreakoutView.swift */; };
		21E580A11DE0A553007DC07B /* SettingsViewController.swift in Sources */ = {isa = PBXBuildFile; fileRef = 21E580A01DE0A553007DC07B /* SettingsViewController.swift */; };
/* End PBXBuildFile section */

/* Begin PBXFileReference section */
		213604D21DE0EA6600ACF841 /* UIKit Extensions.swift */ = {isa = PBXFileReference; fileEncoding = 4; lastKnownFileType = sourcecode.swift; path = "UIKit Extensions.swift"; sourceTree = "<group>"; };
		213604DA1DE205B100ACF841 /* BallBehavior.swift */ = {isa = PBXFileReference; fileEncoding = 4; lastKnownFileType = sourcecode.swift; path = BallBehavior.swift; sourceTree = "<group>"; };
		213604DE1DE2203000ACF841 /* Settings.swift */ = {isa = PBXFileReference; fileEncoding = 4; lastKnownFileType = sourcecode.swift; path = Settings.swift; sourceTree = "<group>"; };
		213604E31DE4E39A00ACF841 /* NamedBezierPathsView.swift */ = {isa = PBXFileReference; fileEncoding = 4; lastKnownFileType = sourcecode.swift; path = NamedBezierPathsView.swift; sourceTree = "<group>"; };
		21E046C61E3C31140002AF53 /* README.md */ = {isa = PBXFileReference; fileEncoding = 4; lastKnownFileType = net.daringfireball.markdown; name = README.md; path = Breakout/README.md; sourceTree = "<group>"; };
		21E580861DE0A2FB007DC07B /* Breakout.app */ = {isa = PBXFileReference; explicitFileType = wrapper.application; includeInIndex = 0; path = Breakout.app; sourceTree = BUILT_PRODUCTS_DIR; };
		21E580891DE0A2FB007DC07B /* AppDelegate.swift */ = {isa = PBXFileReference; lastKnownFileType = sourcecode.swift; path = AppDelegate.swift; sourceTree = "<group>"; };
		21E5808E1DE0A2FB007DC07B /* Base */ = {isa = PBXFileReference; lastKnownFileType = file.storyboard; name = Base; path = Base.lproj/Main.storyboard; sourceTree = "<group>"; };
		21E580901DE0A2FB007DC07B /* Assets.xcassets */ = {isa = PBXFileReference; lastKnownFileType = folder.assetcatalog; path = Assets.xcassets; sourceTree = "<group>"; };
		21E580931DE0A2FB007DC07B /* Base */ = {isa = PBXFileReference; lastKnownFileType = file.storyboard; name = Base; path = Base.lproj/LaunchScreen.storyboard; sourceTree = "<group>"; };
		21E580951DE0A2FB007DC07B /* Info.plist */ = {isa = PBXFileReference; lastKnownFileType = text.plist.xml; path = Info.plist; sourceTree = "<group>"; };
		21E5809C1DE0A38B007DC07B /* BreakoutViewController.swift */ = {isa = PBXFileReference; fileEncoding = 4; lastKnownFileType = sourcecode.swift; path = BreakoutViewController.swift; sourceTree = "<group>"; };
		21E5809E1DE0A3BB007DC07B /* BreakoutView.swift */ = {isa = PBXFileReference; fileEncoding = 4; lastKnownFileType = sourcecode.swift; path = BreakoutView.swift; sourceTree = "<group>"; };
		21E580A01DE0A553007DC07B /* SettingsViewController.swift */ = {isa = PBXFileReference; fileEncoding = 4; lastKnownFileType = sourcecode.swift; path = SettingsViewController.swift; sourceTree = "<group>"; };
/* End PBXFileReference section */

/* Begin PBXFrameworksBuildPhase section */
		21E580831DE0A2FB007DC07B /* Frameworks */ = {
			isa = PBXFrameworksBuildPhase;
			buildActionMask = 2147483647;
			files = (
			);
			runOnlyForDeploymentPostprocessing = 0;
		};
/* End PBXFrameworksBuildPhase section */

/* Begin PBXGroup section */
		213604E01DE2269000ACF841 /* Settings */ = {
			isa = PBXGroup;
			children = (
				213604DE1DE2203000ACF841 /* Settings.swift */,
				21E580A01DE0A553007DC07B /* SettingsViewController.swift */,
			);
			name = Settings;
			sourceTree = "<group>";
		};
		21E5807D1DE0A2FB007DC07B = {
			isa = PBXGroup;
			children = (
				21E046C61E3C31140002AF53 /* README.md */,
				21E580881DE0A2FB007DC07B /* Breakout */,
				21E580871DE0A2FB007DC07B /* Products */,
			);
			sourceTree = "<group>";
		};
		21E580871DE0A2FB007DC07B /* Products */ = {
			isa = PBXGroup;
			children = (
				21E580861DE0A2FB007DC07B /* Breakout.app */,
			);
			name = Products;
			sourceTree = "<group>";
		};
		21E580881DE0A2FB007DC07B /* Breakout */ = {
			isa = PBXGroup;
			children = (
				21E5809E1DE0A3BB007DC07B /* BreakoutView.swift */,
				21E5809C1DE0A38B007DC07B /* BreakoutViewController.swift */,
				213604DA1DE205B100ACF841 /* BallBehavior.swift */,
				21E5808D1DE0A2FB007DC07B /* Main.storyboard */,
				213604E01DE2269000ACF841 /* Settings */,
				213604D21DE0EA6600ACF841 /* UIKit Extensions.swift */,
				213604E31DE4E39A00ACF841 /* NamedBezierPathsView.swift */,
				21E5809B1DE0A345007DC07B /* Supporting Files */,
				21E580901DE0A2FB007DC07B /* Assets.xcassets */,
			);
			path = Breakout;
			sourceTree = "<group>";
		};
		21E5809B1DE0A345007DC07B /* Supporting Files */ = {
			isa = PBXGroup;
			children = (
				21E580891DE0A2FB007DC07B /* AppDelegate.swift */,
				21E580921DE0A2FB007DC07B /* LaunchScreen.storyboard */,
				21E580951DE0A2FB007DC07B /* Info.plist */,
			);
			name = "Supporting Files";
			sourceTree = "<group>";
		};
/* End PBXGroup section */

/* Begin PBXNativeTarget section */
		21E580851DE0A2FB007DC07B /* Breakout */ = {
			isa = PBXNativeTarget;
			buildConfigurationList = 21E580981DE0A2FB007DC07B /* Build configuration list for PBXNativeTarget "Breakout" */;
			buildPhases = (
				21E580821DE0A2FB007DC07B /* Sources */,
				21E580831DE0A2FB007DC07B /* Frameworks */,
				21E580841DE0A2FB007DC07B /* Resources */,
			);
			buildRules = (
			);
			dependencies = (
			);
			name = Breakout;
			productName = Breakout;
			productReference = 21E580861DE0A2FB007DC07B /* Breakout.app */;
			productType = "com.apple.product-type.application";
		};
/* End PBXNativeTarget section */

/* Begin PBXProject section */
		21E5807E1DE0A2FB007DC07B /* Project object */ = {
			isa = PBXProject;
			attributes = {
				LastSwiftUpdateCheck = 0810;
				LastUpgradeCheck = 0810;
				ORGANIZATIONNAME = "Jack Wright";
				TargetAttributes = {
					21E580851DE0A2FB007DC07B = {
						CreatedOnToolsVersion = 8.1;
						DevelopmentTeam = 7BATW2E53G;
						ProvisioningStyle = Automatic;
					};
				};
			};
			buildConfigurationList = 21E580811DE0A2FB007DC07B /* Build configuration list for PBXProject "Breakout" */;
			compatibilityVersion = "Xcode 3.2";
			developmentRegion = English;
			hasScannedForEncodings = 0;
			knownRegions = (
				en,
				Base,
			);
			mainGroup = 21E5807D1DE0A2FB007DC07B;
			productRefGroup = 21E580871DE0A2FB007DC07B /* Products */;
			projectDirPath = "";
			projectRoot = "";
			targets = (
				21E580851DE0A2FB007DC07B /* Breakout */,
			);
		};
/* End PBXProject section */

/* Begin PBXResourcesBuildPhase section */
		21E580841DE0A2FB007DC07B /* Resources */ = {
			isa = PBXResourcesBuildPhase;
			buildActionMask = 2147483647;
			files = (
				21E580941DE0A2FB007DC07B /* LaunchScreen.storyboard in Resources */,
				21E580911DE0A2FB007DC07B /* Assets.xcassets in Resources */,
				21E5808F1DE0A2FB007DC07B /* Main.storyboard in Resources */,
			);
			runOnlyForDeploymentPostprocessing = 0;
		};
/* End PBXResourcesBuildPhase section */

/* Begin PBXSourcesBuildPhase section */
		21E580821DE0A2FB007DC07B /* Sources */ = {
			isa = PBXSourcesBuildPhase;
			buildActionMask = 2147483647;
			files = (
				213604D31DE0EA6600ACF841 /* UIKit Extensions.swift in Sources */,
				21E5809F1DE0A3BB007DC07B /* BreakoutView.swift in Sources */,
				213604DB1DE205B100ACF841 /* BallBehavior.swift in Sources */,
				21E5808A1DE0A2FB007DC07B /* AppDelegate.swift in Sources */,
				213604DF1DE2203000ACF841 /* Settings.swift in Sources */,
				21E5809D1DE0A38B007DC07B /* BreakoutViewController.swift in Sources */,
				21E046C71E3C31150002AF53 /* README.md in Sources */,
				213604E41DE4E39A00ACF841 /* NamedBezierPathsView.swift in Sources */,
				21E580A11DE0A553007DC07B /* SettingsViewController.swift in Sources */,
			);
			runOnlyForDeploymentPostprocessing = 0;
		};
/* End PBXSourcesBuildPhase section */

/* Begin PBXVariantGroup section */
		21E5808D1DE0A2FB007DC07B /* Main.storyboard */ = {
			isa = PBXVariantGroup;
			children = (
				21E5808E1DE0A2FB007DC07B /* Base */,
			);
			name = Main.storyboard;
			sourceTree = "<group>";
		};
		21E580921DE0A2FB007DC07B /* LaunchScreen.storyboard */ = {
			isa = PBXVariantGroup;
			children = (
				21E580931DE0A2FB007DC07B /* Base */,
			);
			name = LaunchScreen.storyboard;
			sourceTree = "<group>";
		};
/* End PBXVariantGroup section */

/* Begin XCBuildConfiguration section */
		21E580961DE0A2FB007DC07B /* Debug */ = {
			isa = XCBuildConfiguration;
			buildSettings = {
				ALWAYS_SEARCH_USER_PATHS = NO;
				CLANG_ANALYZER_NONNULL = YES;
				CLANG_CXX_LANGUAGE_STANDARD = "gnu++0x";
				CLANG_CXX_LIBRARY = "libc++";
				CLANG_ENABLE_MODULES = YES;
				CLANG_ENABLE_OBJC_ARC = YES;
				CLANG_WARN_BOOL_CONVERSION = YES;
				CLANG_WARN_CONSTANT_CONVERSION = YES;
				CLANG_WARN_DIRECT_OBJC_ISA_USAGE = YES_ERROR;
				CLANG_WARN_DOCUMENTATION_COMMENTS = YES;
				CLANG_WARN_EMPTY_BODY = YES;
				CLANG_WARN_ENUM_CONVERSION = YES;
				CLANG_WARN_INFINITE_RECURSION = YES;
				CLANG_WARN_INT_CONVERSION = YES;
				CLANG_WARN_OBJC_ROOT_CLASS = YES_ERROR;
				CLANG_WARN_SUSPICIOUS_MOVES = YES;
				CLANG_WARN_UNREACHABLE_CODE = YES;
				CLANG_WARN__DUPLICATE_METHOD_MATCH = YES;
				"CODE_SIGN_IDENTITY[sdk=iphoneos*]" = "iPhone Developer";
				COPY_PHASE_STRIP = NO;
				DEBUG_INFORMATION_FORMAT = dwarf;
				ENABLE_STRICT_OBJC_MSGSEND = YES;
				ENABLE_TESTABILITY = YES;
				GCC_C_LANGUAGE_STANDARD = gnu99;
				GCC_DYNAMIC_NO_PIC = NO;
				GCC_NO_COMMON_BLOCKS = YES;
				GCC_OPTIMIZATION_LEVEL = 0;
				GCC_PREPROCESSOR_DEFINITIONS = (
					"DEBUG=1",
					"$(inherited)",
				);
				GCC_WARN_64_TO_32_BIT_CONVERSION = YES;
				GCC_WARN_ABOUT_RETURN_TYPE = YES_ERROR;
				GCC_WARN_UNDECLARED_SELECTOR = YES;
				GCC_WARN_UNINITIALIZED_AUTOS = YES_AGGRESSIVE;
				GCC_WARN_UNUSED_FUNCTION = YES;
				GCC_WARN_UNUSED_VARIABLE = YES;
				IPHONEOS_DEPLOYMENT_TARGET = 10.1;
				MTL_ENABLE_DEBUG_INFO = YES;
				ONLY_ACTIVE_ARCH = YES;
				SDKROOT = iphoneos;
				SWIFT_ACTIVE_COMPILATION_CONDITIONS = DEBUG;
				SWIFT_OPTIMIZATION_LEVEL = "-Onone";
			};
			name = Debug;
		};
		21E580971DE0A2FB007DC07B /* Release */ = {
			isa = XCBuildConfiguration;
			buildSettings = {
				ALWAYS_SEARCH_USER_PATHS = NO;
				CLANG_ANALYZER_NONNULL = YES;
				CLANG_CXX_LANGUAGE_STANDARD = "gnu++0x";
				CLANG_CXX_LIBRARY = "libc++";
				CLANG_ENABLE_MODULES = YES;
				CLANG_ENABLE_OBJC_ARC = YES;
				CLANG_WARN_BOOL_CONVERSION = YES;
				CLANG_WARN_CONSTANT_CONVERSION = YES;
				CLANG_WARN_DIRECT_OBJC_ISA_USAGE = YES_ERROR;
				CLANG_WARN_DOCUMENTATION_COMMENTS = YES;
				CLANG_WARN_EMPTY_BODY = YES;
				CLANG_WARN_ENUM_CONVERSION = YES;
				CLANG_WARN_INFINITE_RECURSION = YES;
				CLANG_WARN_INT_CONVERSION = YES;
				CLANG_WARN_OBJC_ROOT_CLASS = YES_ERROR;
				CLANG_WARN_SUSPICIOUS_MOVES = YES;
				CLANG_WARN_UNREACHABLE_CODE = YES;
				CLANG_WARN__DUPLICATE_METHOD_MATCH = YES;
				"CODE_SIGN_IDENTITY[sdk=iphoneos*]" = "iPhone Developer";
				COPY_PHASE_STRIP = NO;
				DEBUG_INFORMATION_FORMAT = "dwarf-with-dsym";
				ENABLE_NS_ASSERTIONS = NO;
				ENABLE_STRICT_OBJC_MSGSEND = YES;
				GCC_C_LANGUAGE_STANDARD = gnu99;
				GCC_NO_COMMON_BLOCKS = YES;
				GCC_WARN_64_TO_32_BIT_CONVERSION = YES;
				GCC_WARN_ABOUT_RETURN_TYPE = YES_ERROR;
				GCC_WARN_UNDECLARED_SELECTOR = YES;
				GCC_WARN_UNINITIALIZED_AUTOS = YES_AGGRESSIVE;
				GCC_WARN_UNUSED_FUNCTION = YES;
				GCC_WARN_UNUSED_VARIABLE = YES;
				IPHONEOS_DEPLOYMENT_TARGET = 10.1;
				MTL_ENABLE_DEBUG_INFO = NO;
				SDKROOT = iphoneos;
				SWIFT_OPTIMIZATION_LEVEL = "-Owholemodule";
				VALIDATE_PRODUCT = YES;
			};
			name = Release;
		};
		21E580991DE0A2FB007DC07B /* Debug */ = {
			isa = XCBuildConfiguration;
			buildSettings = {
				ASSETCATALOG_COMPILER_APPICON_NAME = AppIcon;
				DEVELOPMENT_TEAM = 7BATW2E53G;
				INFOPLIST_FILE = Breakout/Info.plist;
				LD_RUNPATH_SEARCH_PATHS = "$(inherited) @executable_path/Frameworks";
				PRODUCT_BUNDLE_IDENTIFIER = com.jackcraft.Breakout;
				PRODUCT_NAME = "$(TARGET_NAME)";
				SWIFT_VERSION = 3.0;
				TARGETED_DEVICE_FAMILY = "1,2";
			};
			name = Debug;
		};
		21E5809A1DE0A2FB007DC07B /* Release */ = {
			isa = XCBuildConfiguration;
			buildSettings = {
				ASSETCATALOG_COMPILER_APPICON_NAME = AppIcon;
				DEVELOPMENT_TEAM = 7BATW2E53G;
				INFOPLIST_FILE = Breakout/Info.plist;
				LD_RUNPATH_SEARCH_PATHS = "$(inherited) @executable_path/Frameworks";
				PRODUCT_BUNDLE_IDENTIFIER = com.jackcraft.Breakout;
				PRODUCT_NAME = "$(TARGET_NAME)";
				SWIFT_VERSION = 3.0;
				TARGETED_DEVICE_FAMILY = "1,2";
			};
			name = Release;
		};
/* End XCBuildConfiguration section */

/* Begin XCConfigurationList section */
		21E580811DE0A2FB007DC07B /* Build configuration list for PBXProject "Breakout" */ = {
			isa = XCConfigurationList;
			buildConfigurations = (
				21E580961DE0A2FB007DC07B /* Debug */,
				21E580971DE0A2FB007DC07B /* Release */,
			);
			defaultConfigurationIsVisible = 0;
			defaultConfigurationName = Release;
		};
		21E580981DE0A2FB007DC07B /* Build configuration list for PBXNativeTarget "Breakout" */ = {
			isa = XCConfigurationList;
			buildConfigurations = (
				21E580991DE0A2FB007DC07B /* Debug */,
				21E5809A1DE0A2FB007DC07B /* Release */,
			);
			defaultConfigurationIsVisible = 0;
			defaultConfigurationName = Release;
		};
/* End XCConfigurationList section */
	};
	rootObject = 21E5807E1DE0A2FB007DC07B /* Project object */;
}
